
Microsoft Visual Studio Solution File, Format Version 12.00
# Visual Studio Version 17
VisualStudioVersion = 17.3.32929.385
MinimumVisualStudioVersion = 10.0.40219.1
Project("{FAE04EC0-301F-11D3-BF4B-00C04F79EFBC}") = "HalloWelt", "HalloWelt\HalloWelt.csproj", "{F93DB86E-FE76-4B62-8CE4-FE0C1516D19A}"
EndProject
Global
	GlobalSection(SolutionConfigurationPlatforms) = preSolution
		Debug|Any CPU = Debug|Any CPU
		Release|Any CPU = Release|Any CPU
	EndGlobalSection
	GlobalSection(ProjectConfigurationPlatforms) = postSolution
		{F93DB86E-FE76-4B62-8CE4-FE0C1516D19A}.Debug|Any CPU.ActiveCfg = Debug|Any CPU
		{F93DB86E-FE76-4B62-8CE4-FE0C1516D19A}.Debug|Any CPU.Build.0 = Debug|Any CPU
		{F93DB86E-FE76-4B62-8CE4-FE0C1516D19A}.Release|Any CPU.ActiveCfg = Release|Any CPU
		{F93DB86E-FE76-4B62-8CE4-FE0C1516D19A}.Release|Any CPU.Build.0 = Release|Any CPU
	EndGlobalSection
	GlobalSection(SolutionProperties) = preSolution
		HideSolutionNode = FALSE
	EndGlobalSection
	GlobalSection(ExtensibilityGlobals) = postSolution
		SolutionGuid = {1B6B8E1F-2A83-4EB9-9CB0-DFE798295D75}
	EndGlobalSection
EndGlobal
